
Microsoft Visual Studio Solution File, Format Version 12.00
# Visual Studio Version 16
VisualStudioVersion = 16.0.30413.136
MinimumVisualStudioVersion = 10.0.40219.1
Project("{FAE04EC0-301F-11D3-BF4B-00C04F79EFBC}") = "WindowsFormsApp1", "WindowsFormsApp1\WindowsFormsApp1.csproj", "{655CE102-585F-4286-A938-ABEE31E91341}"
EndProject
Global
	GlobalSection(SolutionConfigurationPlatforms) = preSolution
		Debug|Any CPU = Debug|Any CPU
		Release|Any CPU = Release|Any CPU
	EndGlobalSection
	GlobalSection(ProjectConfigurationPlatforms) = postSolution
		{655CE102-585F-4286-A938-ABEE31E91341}.Debug|Any CPU.ActiveCfg = Debug|Any CPU
		{655CE102-585F-4286-A938-ABEE31E91341}.Debug|Any CPU.Build.0 = Debug|Any CPU
		{655CE102-585F-4286-A938-ABEE31E91341}.Release|Any CPU.ActiveCfg = Release|Any CPU
		{655CE102-585F-4286-A938-ABEE31E91341}.Release|Any CPU.Build.0 = Release|Any CPU
	EndGlobalSection
	GlobalSection(SolutionProperties) = preSolution
		HideSolutionNode = FALSE
	EndGlobalSection
	GlobalSection(ExtensibilityGlobals) = postSolution
		SolutionGuid = {12CD43F9-2806-4C2F-B3E5-30E2AB291544}
	EndGlobalSection
EndGlobal
